
Microsoft Visual Studio Solution File, Format Version 12.00
# Visual Studio 2012
Project("{FAE04EC0-301F-11D3-BF4B-00C04F79EFBC}") = "Site1", "Site1\Site1.csproj", "{735EC47D-49DC-423E-A2E8-C0891D9139F5}"
EndProject
Project("{FAE04EC0-301F-11D3-BF4B-00C04F79EFBC}") = "Site2", "Site2\Site2.csproj", "{05CC039C-EA0D-4EEF-A214-1B9C3D2876A5}"
EndProject
Project("{FAE04EC0-301F-11D3-BF4B-00C04F79EFBC}") = "Messages", "Messages\Messages.csproj", "{09A94530-8382-47D3-ACCF-AE6FF49CDB0F}"
EndProject
Global
	GlobalSection(SolutionConfigurationPlatforms) = preSolution
		Debug|Any CPU = Debug|Any CPU
		Release|Any CPU = Release|Any CPU
	EndGlobalSection
	GlobalSection(ProjectConfigurationPlatforms) = postSolution
		{735EC47D-49DC-423E-A2E8-C0891D9139F5}.Debug|Any CPU.ActiveCfg = Debug|Any CPU
		{735EC47D-49DC-423E-A2E8-C0891D9139F5}.Debug|Any CPU.Build.0 = Debug|Any CPU
		{735EC47D-49DC-423E-A2E8-C0891D9139F5}.Release|Any CPU.ActiveCfg = Release|Any CPU
		{735EC47D-49DC-423E-A2E8-C0891D9139F5}.Release|Any CPU.Build.0 = Release|Any CPU
		{05CC039C-EA0D-4EEF-A214-1B9C3D2876A5}.Debug|Any CPU.ActiveCfg = Debug|Any CPU
		{05CC039C-EA0D-4EEF-A214-1B9C3D2876A5}.Debug|Any CPU.Build.0 = Debug|Any CPU
		{05CC039C-EA0D-4EEF-A214-1B9C3D2876A5}.Release|Any CPU.ActiveCfg = Release|Any CPU
		{05CC039C-EA0D-4EEF-A214-1B9C3D2876A5}.Release|Any CPU.Build.0 = Release|Any CPU
		{09A94530-8382-47D3-ACCF-AE6FF49CDB0F}.Debug|Any CPU.ActiveCfg = Debug|Any CPU
		{09A94530-8382-47D3-ACCF-AE6FF49CDB0F}.Debug|Any CPU.Build.0 = Debug|Any CPU
		{09A94530-8382-47D3-ACCF-AE6FF49CDB0F}.Release|Any CPU.ActiveCfg = Release|Any CPU
		{09A94530-8382-47D3-ACCF-AE6FF49CDB0F}.Release|Any CPU.Build.0 = Release|Any CPU
	EndGlobalSection
	GlobalSection(SolutionProperties) = preSolution
		HideSolutionNode = FALSE
	EndGlobalSection
EndGlobal
